// !$*UTF8*$!
{
	archiveVersion = 1;
	classes = {
	};
	objectVersion = 55;
	objects = {

/* Begin PBXBuildFile section */
		F52E8E662A4D128600E6CBBC /* SubOneRApp.swift in Sources */ = {isa = PBXBuildFile; fileRef = F52E8E652A4D128600E6CBBC /* SubOneRApp.swift */; };
		F52E8E682A4D128600E6CBBC /* ContentView.swift in Sources */ = {isa = PBXBuildFile; fileRef = F52E8E672A4D128600E6CBBC /* ContentView.swift */; };
		F52E8E6A2A4D128800E6CBBC /* Assets.xcassets in Resources */ = {isa = PBXBuildFile; fileRef = F52E8E692A4D128800E6CBBC /* Assets.xcassets */; };
		F52E8E6D2A4D128800E6CBBC /* Preview Assets.xcassets in Resources */ = {isa = PBXBuildFile; fileRef = F52E8E6C2A4D128800E6CBBC /* Preview Assets.xcassets */; };
		F52E8E752A4D12F700E6CBBC /* SubOneR.xcdatamodeld in Sources */ = {isa = PBXBuildFile; fileRef = F52E8E732A4D12F700E6CBBC /* SubOneR.xcdatamodeld */; };
		F52E8E772A4D133C00E6CBBC /* DataController.swift in Sources */ = {isa = PBXBuildFile; fileRef = F52E8E762A4D133C00E6CBBC /* DataController.swift */; };
		F52E8E792A4D17D000E6CBBC /* AddCustomerView.swift in Sources */ = {isa = PBXBuildFile; fileRef = F52E8E782A4D17D000E6CBBC /* AddCustomerView.swift */; };
		F52E8E7B2A4D311400E6CBBC /* CustomerDetailView.swift in Sources */ = {isa = PBXBuildFile; fileRef = F52E8E7A2A4D311400E6CBBC /* CustomerDetailView.swift */; };
		F52E8E812A4E12A800E6CBBC /* FilteredListView.swift in Sources */ = {isa = PBXBuildFile; fileRef = F52E8E802A4E12A800E6CBBC /* FilteredListView.swift */; };
		F52E8EC72A4FAA9100E6CBBC /* CustomerJobView.swift in Sources */ = {isa = PBXBuildFile; fileRef = F52E8EC62A4FAA9100E6CBBC /* CustomerJobView.swift */; };
		F56147FD2A532F9700B77A39 /* AddJobView.swift in Sources */ = {isa = PBXBuildFile; fileRef = F56147FC2A532F9700B77A39 /* AddJobView.swift */; };
		F56148012A536AC100B77A39 /* JobViewDetail.swift in Sources */ = {isa = PBXBuildFile; fileRef = F56148002A536AC100B77A39 /* JobViewDetail.swift */; };
		F56640182A589DEF00311C96 /* MainView.swift in Sources */ = {isa = PBXBuildFile; fileRef = F56640172A589DEF00311C96 /* MainView.swift */; };
		F566401A2A58A09A00311C96 /* PdfQuoteStartView.swift in Sources */ = {isa = PBXBuildFile; fileRef = F56640192A58A09A00311C96 /* PdfQuoteStartView.swift */; };
		F566401C2A58A0BE00311C96 /* TodayTaskView.swift in Sources */ = {isa = PBXBuildFile; fileRef = F566401B2A58A0BE00311C96 /* TodayTaskView.swift */; };
		F566401E2A58A6E900311C96 /* HistoryView.swift in Sources */ = {isa = PBXBuildFile; fileRef = F566401D2A58A6E900311C96 /* HistoryView.swift */; };
		F56640242A58A9C200311C96 /* AllCustomers.swift in Sources */ = {isa = PBXBuildFile; fileRef = F56640232A58A9C200311C96 /* AllCustomers.swift */; };
		F56640272A58B18200311C96 /* LoginView.swift in Sources */ = {isa = PBXBuildFile; fileRef = F56640262A58B18200311C96 /* LoginView.swift */; };
		F566402C2A58CB8500311C96 /* SignInView.swift in Sources */ = {isa = PBXBuildFile; fileRef = F566402B2A58CB8500311C96 /* SignInView.swift */; };
		F56640752A64778200311C96 /* SupportEmail.swift in Sources */ = {isa = PBXBuildFile; fileRef = F56640742A64778200311C96 /* SupportEmail.swift */; };
		F56640782A6477D100311C96 /* UIDevice+Extension.swift in Sources */ = {isa = PBXBuildFile; fileRef = F56640772A6477D100311C96 /* UIDevice+Extension.swift */; };
		F566407A2A6477E400311C96 /* Bundle+Extension.swift in Sources */ = {isa = PBXBuildFile; fileRef = F56640792A6477E400311C96 /* Bundle+Extension.swift */; };
		F566407C2A64787200311C96 /* MailView.swift in Sources */ = {isa = PBXBuildFile; fileRef = F566407B2A64787200311C96 /* MailView.swift */; };
		F566407E2A6478D900311C96 /* DeviceModels.json in Resources */ = {isa = PBXBuildFile; fileRef = F566407D2A6478D900311C96 /* DeviceModels.json */; };
		F56640802A647A3A00311C96 /* ExampleData.swift in Sources */ = {isa = PBXBuildFile; fileRef = F566407F2A647A3A00311C96 /* ExampleData.swift */; };
		F56640E32A6DD2D200311C96 /* PdfCreator.swift in Sources */ = {isa = PBXBuildFile; fileRef = F56640E22A6DD2D200311C96 /* PdfCreator.swift */; };
		F56640E52A6DD2F500311C96 /* ShareView.swift in Sources */ = {isa = PBXBuildFile; fileRef = F56640E42A6DD2F500311C96 /* ShareView.swift */; };
		F56640E72A6DD30C00311C96 /* PdfViewUI.swift in Sources */ = {isa = PBXBuildFile; fileRef = F56640E62A6DD30C00311C96 /* PdfViewUI.swift */; };
		F56640E92A6DD32200311C96 /* PdfPreviewView.swift in Sources */ = {isa = PBXBuildFile; fileRef = F56640E82A6DD32200311C96 /* PdfPreviewView.swift */; };
		F56640EF2A6DD4AF00311C96 /* QuoteView.swift in Sources */ = {isa = PBXBuildFile; fileRef = F56640EE2A6DD4AF00311C96 /* QuoteView.swift */; };
		F581B0CD2A8574D1003F7DFB /* StatusView.swift in Sources */ = {isa = PBXBuildFile; fileRef = F581B0CC2A8574D1003F7DFB /* StatusView.swift */; };
		F581B0D92A86F983003F7DFB /* EmojiStatusView.swift in Sources */ = {isa = PBXBuildFile; fileRef = F581B0D82A86F983003F7DFB /* EmojiStatusView.swift */; };
		F581B0DD2A882BC6003F7DFB /* EditCustomerView.swift in Sources */ = {isa = PBXBuildFile; fileRef = F581B0DC2A882BC6003F7DFB /* EditCustomerView.swift */; };
		F581B0E62A883239003F7DFB /* Job+CoreDataClass.swift in Sources */ = {isa = PBXBuildFile; fileRef = F581B0E22A883239003F7DFB /* Job+CoreDataClass.swift */; };
		F581B0E72A883239003F7DFB /* Job+CoreDataProperties.swift in Sources */ = {isa = PBXBuildFile; fileRef = F581B0E32A883239003F7DFB /* Job+CoreDataProperties.swift */; };
		F581B0E82A883239003F7DFB /* Customer+CoreDataClass.swift in Sources */ = {isa = PBXBuildFile; fileRef = F581B0E42A883239003F7DFB /* Customer+CoreDataClass.swift */; };
		F581B0E92A883239003F7DFB /* Customer+CoreDataProperties.swift in Sources */ = {isa = PBXBuildFile; fileRef = F581B0E52A883239003F7DFB /* Customer+CoreDataProperties.swift */; };
/* End PBXBuildFile section */

/* Begin PBXFileReference section */
		F52E8E622A4D128600E6CBBC /* SubOne.app */ = {isa = PBXFileReference; explicitFileType = wrapper.application; includeInIndex = 0; path = SubOne.app; sourceTree = BUILT_PRODUCTS_DIR; };
		F52E8E652A4D128600E6CBBC /* SubOneRApp.swift */ = {isa = PBXFileReference; lastKnownFileType = sourcecode.swift; path = SubOneRApp.swift; sourceTree = "<group>"; };
		F52E8E672A4D128600E6CBBC /* ContentView.swift */ = {isa = PBXFileReference; lastKnownFileType = sourcecode.swift; path = ContentView.swift; sourceTree = "<group>"; };
		F52E8E692A4D128800E6CBBC /* Assets.xcassets */ = {isa = PBXFileReference; lastKnownFileType = folder.assetcatalog; path = Assets.xcassets; sourceTree = "<group>"; };
		F52E8E6C2A4D128800E6CBBC /* Preview Assets.xcassets */ = {isa = PBXFileReference; lastKnownFileType = folder.assetcatalog; path = "Preview Assets.xcassets"; sourceTree = "<group>"; };
		F52E8E742A4D12F700E6CBBC /* SubOneR.xcdatamodel */ = {isa = PBXFileReference; lastKnownFileType = wrapper.xcdatamodel; path = SubOneR.xcdatamodel; sourceTree = "<group>"; };
		F52E8E762A4D133C00E6CBBC /* DataController.swift */ = {isa = PBXFileReference; lastKnownFileType = sourcecode.swift; path = DataController.swift; sourceTree = "<group>"; };
		F52E8E782A4D17D000E6CBBC /* AddCustomerView.swift */ = {isa = PBXFileReference; lastKnownFileType = sourcecode.swift; path = AddCustomerView.swift; sourceTree = "<group>"; };
		F52E8E7A2A4D311400E6CBBC /* CustomerDetailView.swift */ = {isa = PBXFileReference; lastKnownFileType = sourcecode.swift; path = CustomerDetailView.swift; sourceTree = "<group>"; };
		F52E8E802A4E12A800E6CBBC /* FilteredListView.swift */ = {isa = PBXFileReference; lastKnownFileType = sourcecode.swift; path = FilteredListView.swift; sourceTree = "<group>"; };
		F52E8EC62A4FAA9100E6CBBC /* CustomerJobView.swift */ = {isa = PBXFileReference; lastKnownFileType = sourcecode.swift; path = CustomerJobView.swift; sourceTree = "<group>"; };
		F56147FC2A532F9700B77A39 /* AddJobView.swift */ = {isa = PBXFileReference; lastKnownFileType = sourcecode.swift; path = AddJobView.swift; sourceTree = "<group>"; };
		F56148002A536AC100B77A39 /* JobViewDetail.swift */ = {isa = PBXFileReference; lastKnownFileType = sourcecode.swift; path = JobViewDetail.swift; sourceTree = "<group>"; };
		F56640172A589DEF00311C96 /* MainView.swift */ = {isa = PBXFileReference; lastKnownFileType = sourcecode.swift; path = MainView.swift; sourceTree = "<group>"; };
		F56640192A58A09A00311C96 /* PdfQuoteStartView.swift */ = {isa = PBXFileReference; lastKnownFileType = sourcecode.swift; path = PdfQuoteStartView.swift; sourceTree = "<group>"; };
		F566401B2A58A0BE00311C96 /* TodayTaskView.swift */ = {isa = PBXFileReference; lastKnownFileType = sourcecode.swift; path = TodayTaskView.swift; sourceTree = "<group>"; };
		F566401D2A58A6E900311C96 /* HistoryView.swift */ = {isa = PBXFileReference; lastKnownFileType = sourcecode.swift; path = HistoryView.swift; sourceTree = "<group>"; };
		F56640232A58A9C200311C96 /* AllCustomers.swift */ = {isa = PBXFileReference; lastKnownFileType = sourcecode.swift; path = AllCustomers.swift; sourceTree = "<group>"; };
		F56640252A58AE6900311C96 /* SubOneR.entitlements */ = {isa = PBXFileReference; lastKnownFileType = text.plist.entitlements; path = SubOneR.entitlements; sourceTree = "<group>"; };
		F56640262A58B18200311C96 /* LoginView.swift */ = {isa = PBXFileReference; lastKnownFileType = sourcecode.swift; path = LoginView.swift; sourceTree = "<group>"; };
		F566402B2A58CB8500311C96 /* SignInView.swift */ = {isa = PBXFileReference; lastKnownFileType = sourcecode.swift; path = SignInView.swift; sourceTree = "<group>"; };
		F56640742A64778200311C96 /* SupportEmail.swift */ = {isa = PBXFileReference; lastKnownFileType = sourcecode.swift; path = SupportEmail.swift; sourceTree = "<group>"; };
		F56640772A6477D100311C96 /* UIDevice+Extension.swift */ = {isa = PBXFileReference; lastKnownFileType = sourcecode.swift; path = "UIDevice+Extension.swift"; sourceTree = "<group>"; };
		F56640792A6477E400311C96 /* Bundle+Extension.swift */ = {isa = PBXFileReference; lastKnownFileType = sourcecode.swift; path = "Bundle+Extension.swift"; sourceTree = "<group>"; };
		F566407B2A64787200311C96 /* MailView.swift */ = {isa = PBXFileReference; lastKnownFileType = sourcecode.swift; path = MailView.swift; sourceTree = "<group>"; };
		F566407D2A6478D900311C96 /* DeviceModels.json */ = {isa = PBXFileReference; fileEncoding = 4; lastKnownFileType = text.json; path = DeviceModels.json; sourceTree = "<group>"; };
		F566407F2A647A3A00311C96 /* ExampleData.swift */ = {isa = PBXFileReference; lastKnownFileType = sourcecode.swift; path = ExampleData.swift; sourceTree = "<group>"; };
		F56640E22A6DD2D200311C96 /* PdfCreator.swift */ = {isa = PBXFileReference; lastKnownFileType = sourcecode.swift; path = PdfCreator.swift; sourceTree = "<group>"; };
		F56640E42A6DD2F500311C96 /* ShareView.swift */ = {isa = PBXFileReference; lastKnownFileType = sourcecode.swift; path = ShareView.swift; sourceTree = "<group>"; };
		F56640E62A6DD30C00311C96 /* PdfViewUI.swift */ = {isa = PBXFileReference; lastKnownFileType = sourcecode.swift; path = PdfViewUI.swift; sourceTree = "<group>"; };
		F56640E82A6DD32200311C96 /* PdfPreviewView.swift */ = {isa = PBXFileReference; lastKnownFileType = sourcecode.swift; path = PdfPreviewView.swift; sourceTree = "<group>"; };
		F56640EE2A6DD4AF00311C96 /* QuoteView.swift */ = {isa = PBXFileReference; lastKnownFileType = sourcecode.swift; path = QuoteView.swift; sourceTree = "<group>"; };
		F581B0CC2A8574D1003F7DFB /* StatusView.swift */ = {isa = PBXFileReference; lastKnownFileType = sourcecode.swift; path = StatusView.swift; sourceTree = "<group>"; };
		F581B0D82A86F983003F7DFB /* EmojiStatusView.swift */ = {isa = PBXFileReference; lastKnownFileType = sourcecode.swift; path = EmojiStatusView.swift; sourceTree = "<group>"; };
		F581B0DC2A882BC6003F7DFB /* EditCustomerView.swift */ = {isa = PBXFileReference; lastKnownFileType = sourcecode.swift; path = EditCustomerView.swift; sourceTree = "<group>"; };
		F581B0E22A883239003F7DFB /* Job+CoreDataClass.swift */ = {isa = PBXFileReference; lastKnownFileType = sourcecode.swift; path = "Job+CoreDataClass.swift"; sourceTree = "<group>"; };
		F581B0E32A883239003F7DFB /* Job+CoreDataProperties.swift */ = {isa = PBXFileReference; lastKnownFileType = sourcecode.swift; path = "Job+CoreDataProperties.swift"; sourceTree = "<group>"; };
		F581B0E42A883239003F7DFB /* Customer+CoreDataClass.swift */ = {isa = PBXFileReference; lastKnownFileType = sourcecode.swift; path = "Customer+CoreDataClass.swift"; sourceTree = "<group>"; };
		F581B0E52A883239003F7DFB /* Customer+CoreDataProperties.swift */ = {isa = PBXFileReference; lastKnownFileType = sourcecode.swift; path = "Customer+CoreDataProperties.swift"; sourceTree = "<group>"; };
/* End PBXFileReference section */

/* Begin PBXFrameworksBuildPhase section */
		F52E8E5F2A4D128600E6CBBC /* Frameworks */ = {
			isa = PBXFrameworksBuildPhase;
			buildActionMask = 2147483647;
			files = (
			);
			runOnlyForDeploymentPostprocessing = 0;
		};
/* End PBXFrameworksBuildPhase section */

/* Begin PBXGroup section */
		F52E8E592A4D128600E6CBBC = {
			isa = PBXGroup;
			children = (
				F581B0E22A883239003F7DFB /* Job+CoreDataClass.swift */,
				F581B0E32A883239003F7DFB /* Job+CoreDataProperties.swift */,
				F581B0E42A883239003F7DFB /* Customer+CoreDataClass.swift */,
				F581B0E52A883239003F7DFB /* Customer+CoreDataProperties.swift */,
				F52E8E642A4D128600E6CBBC /* SubOneR */,
				F52E8E632A4D128600E6CBBC /* Products */,
			);
			sourceTree = "<group>";
		};
		F52E8E632A4D128600E6CBBC /* Products */ = {
			isa = PBXGroup;
			children = (
				F52E8E622A4D128600E6CBBC /* SubOne.app */,
			);
			name = Products;
			sourceTree = "<group>";
		};
		F52E8E642A4D128600E6CBBC /* SubOneR */ = {
			isa = PBXGroup;
			children = (
				F56640722A61E07F00311C96 /* Models */,
				F56640252A58AE6900311C96 /* SubOneR.entitlements */,
				F52E8E732A4D12F700E6CBBC /* SubOneR.xcdatamodeld */,
				F52E8E652A4D128600E6CBBC /* SubOneRApp.swift */,
				F52E8E762A4D133C00E6CBBC /* DataController.swift */,
				F56640732A64776700311C96 /* Email */,
				F56640762A6477AE00311C96 /* Extensions */,
				F56147FF2A53505700B77A39 /* MainScreens */,
				F56640202A58A76E00311C96 /* Additional Screens */,
				F56640E12A6DD2AB00311C96 /* PDF Stuff */,
				F56147FE2A533E0400B77A39 /* Add Data Screens */,
				F52E8E802A4E12A800E6CBBC /* FilteredListView.swift */,
				F52E8E692A4D128800E6CBBC /* Assets.xcassets */,
				F52E8E6B2A4D128800E6CBBC /* Preview Content */,
			);
			path = SubOneR;
			sourceTree = "<group>";
		};
		F52E8E6B2A4D128800E6CBBC /* Preview Content */ = {
			isa = PBXGroup;
			children = (
				F52E8E6C2A4D128800E6CBBC /* Preview Assets.xcassets */,
			);
			path = "Preview Content";
			sourceTree = "<group>";
		};
		F56147FE2A533E0400B77A39 /* Add Data Screens */ = {
			isa = PBXGroup;
			children = (
				F581B0DC2A882BC6003F7DFB /* EditCustomerView.swift */,
				F52E8E782A4D17D000E6CBBC /* AddCustomerView.swift */,
				F56147FC2A532F9700B77A39 /* AddJobView.swift */,
			);
			path = "Add Data Screens";
			sourceTree = "<group>";
		};
		F56147FF2A53505700B77A39 /* MainScreens */ = {
			isa = PBXGroup;
			children = (
				F56640172A589DEF00311C96 /* MainView.swift */,
				F56640262A58B18200311C96 /* LoginView.swift */,
				F52E8E672A4D128600E6CBBC /* ContentView.swift */,
				F52E8EC62A4FAA9100E6CBBC /* CustomerJobView.swift */,
				F566401D2A58A6E900311C96 /* HistoryView.swift */,
				F566401B2A58A0BE00311C96 /* TodayTaskView.swift */,
				F56148002A536AC100B77A39 /* JobViewDetail.swift */,
				F56640232A58A9C200311C96 /* AllCustomers.swift */,
				F566402B2A58CB8500311C96 /* SignInView.swift */,
				F56640EE2A6DD4AF00311C96 /* QuoteView.swift */,
				F581B0CC2A8574D1003F7DFB /* StatusView.swift */,
			);
			path = MainScreens;
			sourceTree = "<group>";
		};
		F56640202A58A76E00311C96 /* Additional Screens */ = {
			isa = PBXGroup;
			children = (
				F52E8E7A2A4D311400E6CBBC /* CustomerDetailView.swift */,
				F581B0D82A86F983003F7DFB /* EmojiStatusView.swift */,
			);
			path = "Additional Screens";
			sourceTree = "<group>";
		};
		F56640722A61E07F00311C96 /* Models */ = {
			isa = PBXGroup;
			children = (
			);
			path = Models;
			sourceTree = "<group>";
		};
		F56640732A64776700311C96 /* Email */ = {
			isa = PBXGroup;
			children = (
				F566407D2A6478D900311C96 /* DeviceModels.json */,
				F56640742A64778200311C96 /* SupportEmail.swift */,
				F566407B2A64787200311C96 /* MailView.swift */,
				F566407F2A647A3A00311C96 /* ExampleData.swift */,
			);
			path = Email;
			sourceTree = "<group>";
		};
		F56640762A6477AE00311C96 /* Extensions */ = {
			isa = PBXGroup;
			children = (
				F56640772A6477D100311C96 /* UIDevice+Extension.swift */,
				F56640792A6477E400311C96 /* Bundle+Extension.swift */,
			);
			path = Extensions;
			sourceTree = "<group>";
		};
		F56640E12A6DD2AB00311C96 /* PDF Stuff */ = {
			isa = PBXGroup;
			children = (
				F56640E22A6DD2D200311C96 /* PdfCreator.swift */,
				F56640E42A6DD2F500311C96 /* ShareView.swift */,
				F56640E62A6DD30C00311C96 /* PdfViewUI.swift */,
				F56640E82A6DD32200311C96 /* PdfPreviewView.swift */,
				F56640192A58A09A00311C96 /* PdfQuoteStartView.swift */,
			);
			path = "PDF Stuff";
			sourceTree = "<group>";
		};
/* End PBXGroup section */

/* Begin PBXNativeTarget section */
		F52E8E612A4D128600E6CBBC /* SubOneR */ = {
			isa = PBXNativeTarget;
			buildConfigurationList = F52E8E702A4D128800E6CBBC /* Build configuration list for PBXNativeTarget "SubOneR" */;
			buildPhases = (
				F52E8E5E2A4D128600E6CBBC /* Sources */,
				F52E8E5F2A4D128600E6CBBC /* Frameworks */,
				F52E8E602A4D128600E6CBBC /* Resources */,
			);
			buildRules = (
			);
			dependencies = (
			);
			name = SubOneR;
			productName = SubOneR;
			productReference = F52E8E622A4D128600E6CBBC /* SubOne.app */;
			productType = "com.apple.product-type.application";
		};
/* End PBXNativeTarget section */

/* Begin PBXProject section */
		F52E8E5A2A4D128600E6CBBC /* Project object */ = {
			isa = PBXProject;
			attributes = {
				BuildIndependentTargetsInParallel = 1;
				LastSwiftUpdateCheck = 1330;
				LastUpgradeCheck = 1330;
				TargetAttributes = {
					F52E8E612A4D128600E6CBBC = {
						CreatedOnToolsVersion = 13.3.1;
					};
				};
			};
			buildConfigurationList = F52E8E5D2A4D128600E6CBBC /* Build configuration list for PBXProject "SubOneR" */;
			compatibilityVersion = "Xcode 13.0";
			developmentRegion = en;
			hasScannedForEncodings = 0;
			knownRegions = (
				en,
				Base,
			);
			mainGroup = F52E8E592A4D128600E6CBBC;
			productRefGroup = F52E8E632A4D128600E6CBBC /* Products */;
			projectDirPath = "";
			projectRoot = "";
			targets = (
				F52E8E612A4D128600E6CBBC /* SubOneR */,
			);
		};
/* End PBXProject section */

/* Begin PBXResourcesBuildPhase section */
		F52E8E602A4D128600E6CBBC /* Resources */ = {
			isa = PBXResourcesBuildPhase;
			buildActionMask = 2147483647;
			files = (
				F52E8E6D2A4D128800E6CBBC /* Preview Assets.xcassets in Resources */,
				F52E8E6A2A4D128800E6CBBC /* Assets.xcassets in Resources */,
				F566407E2A6478D900311C96 /* DeviceModels.json in Resources */,
			);
			runOnlyForDeploymentPostprocessing = 0;
		};
/* End PBXResourcesBuildPhase section */

/* Begin PBXSourcesBuildPhase section */
		F52E8E5E2A4D128600E6CBBC /* Sources */ = {
			isa = PBXSourcesBuildPhase;
			buildActionMask = 2147483647;
			files = (
				F52E8E792A4D17D000E6CBBC /* AddCustomerView.swift in Sources */,
				F566401C2A58A0BE00311C96 /* TodayTaskView.swift in Sources */,
				F566407C2A64787200311C96 /* MailView.swift in Sources */,
				F566401A2A58A09A00311C96 /* PdfQuoteStartView.swift in Sources */,
				F56640E32A6DD2D200311C96 /* PdfCreator.swift in Sources */,
				F52E8E752A4D12F700E6CBBC /* SubOneR.xcdatamodeld in Sources */,
				F56640E92A6DD32200311C96 /* PdfPreviewView.swift in Sources */,
				F56640782A6477D100311C96 /* UIDevice+Extension.swift in Sources */,
				F52E8E812A4E12A800E6CBBC /* FilteredListView.swift in Sources */,
				F566401E2A58A6E900311C96 /* HistoryView.swift in Sources */,
				F581B0DD2A882BC6003F7DFB /* EditCustomerView.swift in Sources */,
				F581B0CD2A8574D1003F7DFB /* StatusView.swift in Sources */,
				F52E8E772A4D133C00E6CBBC /* DataController.swift in Sources */,
				F581B0E92A883239003F7DFB /* Customer+CoreDataProperties.swift in Sources */,
				F581B0E72A883239003F7DFB /* Job+CoreDataProperties.swift in Sources */,
				F56640752A64778200311C96 /* SupportEmail.swift in Sources */,
				F581B0E82A883239003F7DFB /* Customer+CoreDataClass.swift in Sources */,
				F56640E72A6DD30C00311C96 /* PdfViewUI.swift in Sources */,
				F56147FD2A532F9700B77A39 /* AddJobView.swift in Sources */,
				F52E8EC72A4FAA9100E6CBBC /* CustomerJobView.swift in Sources */,
				F56640802A647A3A00311C96 /* ExampleData.swift in Sources */,
				F52E8E682A4D128600E6CBBC /* ContentView.swift in Sources */,
				F581B0E62A883239003F7DFB /* Job+CoreDataClass.swift in Sources */,
				F56148012A536AC100B77A39 /* JobViewDetail.swift in Sources */,
				F566402C2A58CB8500311C96 /* SignInView.swift in Sources */,
				F56640272A58B18200311C96 /* LoginView.swift in Sources */,
				F566407A2A6477E400311C96 /* Bundle+Extension.swift in Sources */,
				F56640242A58A9C200311C96 /* AllCustomers.swift in Sources */,
				F56640EF2A6DD4AF00311C96 /* QuoteView.swift in Sources */,
				F56640E52A6DD2F500311C96 /* ShareView.swift in Sources */,
				F52E8E662A4D128600E6CBBC /* SubOneRApp.swift in Sources */,
				F581B0D92A86F983003F7DFB /* EmojiStatusView.swift in Sources */,
				F56640182A589DEF00311C96 /* MainView.swift in Sources */,
				F52E8E7B2A4D311400E6CBBC /* CustomerDetailView.swift in Sources */,
			);
			runOnlyForDeploymentPostprocessing = 0;
		};
/* End PBXSourcesBuildPhase section */

/* Begin XCBuildConfiguration section */
		F52E8E6E2A4D128800E6CBBC /* Debug */ = {
			isa = XCBuildConfiguration;
			buildSettings = {
				ALWAYS_SEARCH_USER_PATHS = NO;
				CLANG_ANALYZER_NONNULL = YES;
				CLANG_ANALYZER_NUMBER_OBJECT_CONVERSION = YES_AGGRESSIVE;
				CLANG_CXX_LANGUAGE_STANDARD = "gnu++17";
				CLANG_ENABLE_MODULES = YES;
				CLANG_ENABLE_OBJC_ARC = YES;
				CLANG_ENABLE_OBJC_WEAK = YES;
				CLANG_WARN_BLOCK_CAPTURE_AUTORELEASING = YES;
				CLANG_WARN_BOOL_CONVERSION = YES;
				CLANG_WARN_COMMA = YES;
				CLANG_WARN_CONSTANT_CONVERSION = YES;
				CLANG_WARN_DEPRECATED_OBJC_IMPLEMENTATIONS = YES;
				CLANG_WARN_DIRECT_OBJC_ISA_USAGE = YES_ERROR;
				CLANG_WARN_DOCUMENTATION_COMMENTS = YES;
				CLANG_WARN_EMPTY_BODY = YES;
				CLANG_WARN_ENUM_CONVERSION = YES;
				CLANG_WARN_INFINITE_RECURSION = YES;
				CLANG_WARN_INT_CONVERSION = YES;
				CLANG_WARN_NON_LITERAL_NULL_CONVERSION = YES;
				CLANG_WARN_OBJC_IMPLICIT_RETAIN_SELF = YES;
				CLANG_WARN_OBJC_LITERAL_CONVERSION = YES;
				CLANG_WARN_OBJC_ROOT_CLASS = YES_ERROR;
				CLANG_WARN_QUOTED_INCLUDE_IN_FRAMEWORK_HEADER = YES;
				CLANG_WARN_RANGE_LOOP_ANALYSIS = YES;
				CLANG_WARN_STRICT_PROTOTYPES = YES;
				CLANG_WARN_SUSPICIOUS_MOVE = YES;
				CLANG_WARN_UNGUARDED_AVAILABILITY = YES_AGGRESSIVE;
				CLANG_WARN_UNREACHABLE_CODE = YES;
				CLANG_WARN__DUPLICATE_METHOD_MATCH = YES;
				COPY_PHASE_STRIP = NO;
				DEBUG_INFORMATION_FORMAT = dwarf;
				ENABLE_STRICT_OBJC_MSGSEND = YES;
				ENABLE_TESTABILITY = YES;
				GCC_C_LANGUAGE_STANDARD = gnu11;
				GCC_DYNAMIC_NO_PIC = NO;
				GCC_NO_COMMON_BLOCKS = YES;
				GCC_OPTIMIZATION_LEVEL = 0;
				GCC_PREPROCESSOR_DEFINITIONS = (
					"DEBUG=1",
					"$(inherited)",
				);
				GCC_WARN_64_TO_32_BIT_CONVERSION = YES;
				GCC_WARN_ABOUT_RETURN_TYPE = YES_ERROR;
				GCC_WARN_UNDECLARED_SELECTOR = YES;
				GCC_WARN_UNINITIALIZED_AUTOS = YES_AGGRESSIVE;
				GCC_WARN_UNUSED_FUNCTION = YES;
				GCC_WARN_UNUSED_VARIABLE = YES;
				IPHONEOS_DEPLOYMENT_TARGET = 15.5;
				MTL_ENABLE_DEBUG_INFO = INCLUDE_SOURCE;
				MTL_FAST_MATH = YES;
				ONLY_ACTIVE_ARCH = YES;
				SDKROOT = iphoneos;
				SWIFT_ACTIVE_COMPILATION_CONDITIONS = DEBUG;
				SWIFT_OPTIMIZATION_LEVEL = "-Onone";
			};
			name = Debug;
		};
		F52E8E6F2A4D128800E6CBBC /* Release */ = {
			isa = XCBuildConfiguration;
			buildSettings = {
				ALWAYS_SEARCH_USER_PATHS = NO;
				CLANG_ANALYZER_NONNULL = YES;
				CLANG_ANALYZER_NUMBER_OBJECT_CONVERSION = YES_AGGRESSIVE;
				CLANG_CXX_LANGUAGE_STANDARD = "gnu++17";
				CLANG_ENABLE_MODULES = YES;
				CLANG_ENABLE_OBJC_ARC = YES;
				CLANG_ENABLE_OBJC_WEAK = YES;
				CLANG_WARN_BLOCK_CAPTURE_AUTORELEASING = YES;
				CLANG_WARN_BOOL_CONVERSION = YES;
				CLANG_WARN_COMMA = YES;
				CLANG_WARN_CONSTANT_CONVERSION = YES;
				CLANG_WARN_DEPRECATED_OBJC_IMPLEMENTATIONS = YES;
				CLANG_WARN_DIRECT_OBJC_ISA_USAGE = YES_ERROR;
				CLANG_WARN_DOCUMENTATION_COMMENTS = YES;
				CLANG_WARN_EMPTY_BODY = YES;
				CLANG_WARN_ENUM_CONVERSION = YES;
				CLANG_WARN_INFINITE_RECURSION = YES;
				CLANG_WARN_INT_CONVERSION = YES;
				CLANG_WARN_NON_LITERAL_NULL_CONVERSION = YES;
				CLANG_WARN_OBJC_IMPLICIT_RETAIN_SELF = YES;
				CLANG_WARN_OBJC_LITERAL_CONVERSION = YES;
				CLANG_WARN_OBJC_ROOT_CLASS = YES_ERROR;
				CLANG_WARN_QUOTED_INCLUDE_IN_FRAMEWORK_HEADER = YES;
				CLANG_WARN_RANGE_LOOP_ANALYSIS = YES;
				CLANG_WARN_STRICT_PROTOTYPES = YES;
				CLANG_WARN_SUSPICIOUS_MOVE = YES;
				CLANG_WARN_UNGUARDED_AVAILABILITY = YES_AGGRESSIVE;
				CLANG_WARN_UNREACHABLE_CODE = YES;
				CLANG_WARN__DUPLICATE_METHOD_MATCH = YES;
				COPY_PHASE_STRIP = NO;
				DEBUG_INFORMATION_FORMAT = "dwarf-with-dsym";
				ENABLE_NS_ASSERTIONS = NO;
				ENABLE_STRICT_OBJC_MSGSEND = YES;
				GCC_C_LANGUAGE_STANDARD = gnu11;
				GCC_NO_COMMON_BLOCKS = YES;
				GCC_WARN_64_TO_32_BIT_CONVERSION = YES;
				GCC_WARN_ABOUT_RETURN_TYPE = YES_ERROR;
				GCC_WARN_UNDECLARED_SELECTOR = YES;
				GCC_WARN_UNINITIALIZED_AUTOS = YES_AGGRESSIVE;
				GCC_WARN_UNUSED_FUNCTION = YES;
				GCC_WARN_UNUSED_VARIABLE = YES;
				IPHONEOS_DEPLOYMENT_TARGET = 15.5;
				MTL_ENABLE_DEBUG_INFO = NO;
				MTL_FAST_MATH = YES;
				SDKROOT = iphoneos;
				SWIFT_COMPILATION_MODE = wholemodule;
				SWIFT_OPTIMIZATION_LEVEL = "-O";
				VALIDATE_PRODUCT = YES;
			};
			name = Release;
		};
		F52E8E712A4D128800E6CBBC /* Debug */ = {
			isa = XCBuildConfiguration;
			buildSettings = {
				ASSETCATALOG_COMPILER_APPICON_NAME = AppIcon;
				ASSETCATALOG_COMPILER_GLOBAL_ACCENT_COLOR_NAME = AccentColor;
				CODE_SIGN_ENTITLEMENTS = SubOneR/SubOneR.entitlements;
				CODE_SIGN_STYLE = Automatic;
				CURRENT_PROJECT_VERSION = 1;
				DEVELOPMENT_ASSET_PATHS = "\"SubOneR/Preview Content\"";
				DEVELOPMENT_TEAM = 3DMFD3YYQW;
				ENABLE_PREVIEWS = YES;
				GENERATE_INFOPLIST_FILE = YES;
				INFOPLIST_KEY_UIApplicationSceneManifest_Generation = YES;
				INFOPLIST_KEY_UIApplicationSupportsIndirectInputEvents = YES;
				INFOPLIST_KEY_UILaunchScreen_Generation = YES;
				INFOPLIST_KEY_UISupportedInterfaceOrientations_iPad = "UIInterfaceOrientationPortrait UIInterfaceOrientationPortraitUpsideDown UIInterfaceOrientationLandscapeLeft UIInterfaceOrientationLandscapeRight";
				INFOPLIST_KEY_UISupportedInterfaceOrientations_iPhone = "UIInterfaceOrientationPortrait UIInterfaceOrientationLandscapeLeft UIInterfaceOrientationLandscapeRight";
				IPHONEOS_DEPLOYMENT_TARGET = 16.0;
				LD_RUNPATH_SEARCH_PATHS = (
					"$(inherited)",
					"@executable_path/Frameworks",
				);
				MARKETING_VERSION = 1.0;
				PRODUCT_BUNDLE_IDENTIFIER = com.benhuggins.SubOneR;
				PRODUCT_NAME = SubOne;
				SWIFT_EMIT_LOC_STRINGS = YES;
				SWIFT_VERSION = 5.0;
				TARGETED_DEVICE_FAMILY = "1,2";
			};
			name = Debug;
		};
		F52E8E722A4D128800E6CBBC /* Release */ = {
			isa = XCBuildConfiguration;
			buildSettings = {
				ASSETCATALOG_COMPILER_APPICON_NAME = AppIcon;
				ASSETCATALOG_COMPILER_GLOBAL_ACCENT_COLOR_NAME = AccentColor;
				CODE_SIGN_ENTITLEMENTS = SubOneR/SubOneR.entitlements;
				CODE_SIGN_STYLE = Automatic;
				CURRENT_PROJECT_VERSION = 1;
				DEVELOPMENT_ASSET_PATHS = "\"SubOneR/Preview Content\"";
				DEVELOPMENT_TEAM = 3DMFD3YYQW;
				ENABLE_PREVIEWS = YES;
				GENERATE_INFOPLIST_FILE = YES;
				INFOPLIST_KEY_UIApplicationSceneManifest_Generation = YES;
				INFOPLIST_KEY_UIApplicationSupportsIndirectInputEvents = YES;
				INFOPLIST_KEY_UILaunchScreen_Generation = YES;
				INFOPLIST_KEY_UISupportedInterfaceOrientations_iPad = "UIInterfaceOrientationPortrait UIInterfaceOrientationPortraitUpsideDown UIInterfaceOrientationLandscapeLeft UIInterfaceOrientationLandscapeRight";
				INFOPLIST_KEY_UISupportedInterfaceOrientations_iPhone = "UIInterfaceOrientationPortrait UIInterfaceOrientationLandscapeLeft UIInterfaceOrientationLandscapeRight";
				IPHONEOS_DEPLOYMENT_TARGET = 16.0;
				LD_RUNPATH_SEARCH_PATHS = (
					"$(inherited)",
					"@executable_path/Frameworks",
				);
				MARKETING_VERSION = 1.0;
				PRODUCT_BUNDLE_IDENTIFIER = com.benhuggins.SubOneR;
				PRODUCT_NAME = SubOne;
				SWIFT_EMIT_LOC_STRINGS = YES;
				SWIFT_VERSION = 5.0;
				TARGETED_DEVICE_FAMILY = "1,2";
			};
			name = Release;
		};
/* End XCBuildConfiguration section */

/* Begin XCConfigurationList section */
		F52E8E5D2A4D128600E6CBBC /* Build configuration list for PBXProject "SubOneR" */ = {
			isa = XCConfigurationList;
			buildConfigurations = (
				F52E8E6E2A4D128800E6CBBC /* Debug */,
				F52E8E6F2A4D128800E6CBBC /* Release */,
			);
			defaultConfigurationIsVisible = 0;
			defaultConfigurationName = Release;
		};
		F52E8E702A4D128800E6CBBC /* Build configuration list for PBXNativeTarget "SubOneR" */ = {
			isa = XCConfigurationList;
			buildConfigurations = (
				F52E8E712A4D128800E6CBBC /* Debug */,
				F52E8E722A4D128800E6CBBC /* Release */,
			);
			defaultConfigurationIsVisible = 0;
			defaultConfigurationName = Release;
		};
/* End XCConfigurationList section */

/* Begin XCVersionGroup section */
		F52E8E732A4D12F700E6CBBC /* SubOneR.xcdatamodeld */ = {
			isa = XCVersionGroup;
			children = (
				F52E8E742A4D12F700E6CBBC /* SubOneR.xcdatamodel */,
			);
			currentVersion = F52E8E742A4D12F700E6CBBC /* SubOneR.xcdatamodel */;
			path = SubOneR.xcdatamodeld;
			sourceTree = "<group>";
			versionGroupType = wrapper.xcdatamodel;
		};
/* End XCVersionGroup section */
	};
	rootObject = F52E8E5A2A4D128600E6CBBC /* Project object */;
}
